
Microsoft Visual Studio Solution File, Format Version 12.00
# Visual Studio 15
VisualStudioVersion = 15.0.26430.16
MinimumVisualStudioVersion = 10.0.40219.1
Project("{FAE04EC0-301F-11D3-BF4B-00C04F79EFBC}") = "DataLayer", "DataLayer\DataLayer.csproj", "{C1F652C1-4482-48B1-BFBD-B5EDFDAD3160}"
EndProject
Project("{FAE04EC0-301F-11D3-BF4B-00C04F79EFBC}") = "WebApi.Access", "WebApi.Access\WebApi.Access.csproj", "{D86093CF-B298-4588-89C0-C2D7835A6D30}"
EndProject
Project("{FAE04EC0-301F-11D3-BF4B-00C04F79EFBC}") = "WebApi.Access.Tests", "WebApi.Access.Tests\WebApi.Access.Tests.csproj", "{D50D937A-ED91-403C-8A17-C2851480DCBD}"
EndProject
Project("{FAE04EC0-301F-11D3-BF4B-00C04F79EFBC}") = "Library.Job", "Library.Job\Library.Job.csproj", "{07A77311-BFB9-4ABC-9EA4-79E9BE9C59CE}"
EndProject
Project("{FAE04EC0-301F-11D3-BF4B-00C04F79EFBC}") = "DataLayer.Test", "DataLayer.Test\DataLayer.Test.csproj", "{13F5AB01-9032-4CCC-9BA5-8228EB1424F1}"
EndProject
Project("{FAE04EC0-301F-11D3-BF4B-00C04F79EFBC}") = "Library.Job.Test", "Library.Job.Test\Library.Job.Test.csproj", "{B174EC76-2AAA-4AF6-B4F0-F73E1B85D40A}"
EndProject
Project("{FAE04EC0-301F-11D3-BF4B-00C04F79EFBC}") = "Web.Presentation", "Web.Presentation\Web.Presentation.csproj", "{E8B0BE48-97DB-4C61-9B2E-D5A9EE9ABA44}"
EndProject
Global
	GlobalSection(SolutionConfigurationPlatforms) = preSolution
		Debug|Any CPU = Debug|Any CPU
		Release|Any CPU = Release|Any CPU
	EndGlobalSection
	GlobalSection(ProjectConfigurationPlatforms) = postSolution
		{C1F652C1-4482-48B1-BFBD-B5EDFDAD3160}.Debug|Any CPU.ActiveCfg = Debug|Any CPU
		{C1F652C1-4482-48B1-BFBD-B5EDFDAD3160}.Debug|Any CPU.Build.0 = Debug|Any CPU
		{C1F652C1-4482-48B1-BFBD-B5EDFDAD3160}.Release|Any CPU.ActiveCfg = Release|Any CPU
		{C1F652C1-4482-48B1-BFBD-B5EDFDAD3160}.Release|Any CPU.Build.0 = Release|Any CPU
		{D86093CF-B298-4588-89C0-C2D7835A6D30}.Debug|Any CPU.ActiveCfg = Debug|Any CPU
		{D86093CF-B298-4588-89C0-C2D7835A6D30}.Debug|Any CPU.Build.0 = Debug|Any CPU
		{D86093CF-B298-4588-89C0-C2D7835A6D30}.Release|Any CPU.ActiveCfg = Release|Any CPU
		{D86093CF-B298-4588-89C0-C2D7835A6D30}.Release|Any CPU.Build.0 = Release|Any CPU
		{D50D937A-ED91-403C-8A17-C2851480DCBD}.Debug|Any CPU.ActiveCfg = Debug|Any CPU
		{D50D937A-ED91-403C-8A17-C2851480DCBD}.Debug|Any CPU.Build.0 = Debug|Any CPU
		{D50D937A-ED91-403C-8A17-C2851480DCBD}.Release|Any CPU.ActiveCfg = Release|Any CPU
		{D50D937A-ED91-403C-8A17-C2851480DCBD}.Release|Any CPU.Build.0 = Release|Any CPU
		{07A77311-BFB9-4ABC-9EA4-79E9BE9C59CE}.Debug|Any CPU.ActiveCfg = Debug|Any CPU
		{07A77311-BFB9-4ABC-9EA4-79E9BE9C59CE}.Debug|Any CPU.Build.0 = Debug|Any CPU
		{07A77311-BFB9-4ABC-9EA4-79E9BE9C59CE}.Release|Any CPU.ActiveCfg = Release|Any CPU
		{07A77311-BFB9-4ABC-9EA4-79E9BE9C59CE}.Release|Any CPU.Build.0 = Release|Any CPU
		{13F5AB01-9032-4CCC-9BA5-8228EB1424F1}.Debug|Any CPU.ActiveCfg = Debug|Any CPU
		{13F5AB01-9032-4CCC-9BA5-8228EB1424F1}.Debug|Any CPU.Build.0 = Debug|Any CPU
		{13F5AB01-9032-4CCC-9BA5-8228EB1424F1}.Release|Any CPU.ActiveCfg = Release|Any CPU
		{13F5AB01-9032-4CCC-9BA5-8228EB1424F1}.Release|Any CPU.Build.0 = Release|Any CPU
		{B174EC76-2AAA-4AF6-B4F0-F73E1B85D40A}.Debug|Any CPU.ActiveCfg = Debug|Any CPU
		{B174EC76-2AAA-4AF6-B4F0-F73E1B85D40A}.Debug|Any CPU.Build.0 = Debug|Any CPU
		{B174EC76-2AAA-4AF6-B4F0-F73E1B85D40A}.Release|Any CPU.ActiveCfg = Release|Any CPU
		{B174EC76-2AAA-4AF6-B4F0-F73E1B85D40A}.Release|Any CPU.Build.0 = Release|Any CPU
		{E8B0BE48-97DB-4C61-9B2E-D5A9EE9ABA44}.Debug|Any CPU.ActiveCfg = Debug|Any CPU
		{E8B0BE48-97DB-4C61-9B2E-D5A9EE9ABA44}.Debug|Any CPU.Build.0 = Debug|Any CPU
		{E8B0BE48-97DB-4C61-9B2E-D5A9EE9ABA44}.Release|Any CPU.ActiveCfg = Release|Any CPU
		{E8B0BE48-97DB-4C61-9B2E-D5A9EE9ABA44}.Release|Any CPU.Build.0 = Release|Any CPU
	EndGlobalSection
	GlobalSection(SolutionProperties) = preSolution
		HideSolutionNode = FALSE
	EndGlobalSection
	GlobalSection(ExtensibilityGlobals) = postSolution
		SolutionGuid = {3685E816-F654-416B-982E-89FB7D6D8886}
	EndGlobalSection
EndGlobal
